
Microsoft Visual Studio Solution File, Format Version 11.00
# Visual Studio 2010
Project("{FAE04EC0-301F-11D3-BF4B-00C04F79EFBC}") = "Unity Code Challange", "Assembly-CSharp.csproj", "{E7AA32F8-23AC-26E6-290F-FC747A24A6D5}"
EndProject
Project("{FAE04EC0-301F-11D3-BF4B-00C04F79EFBC}") = "Unity Code Challange", "Assembly-CSharp-firstpass.csproj", "{49626467-F16A-224D-90EC-15F3D2791941}"
EndProject
Project("{FAE04EC0-301F-11D3-BF4B-00C04F79EFBC}") = "Unity Code Challange", "Assembly-CSharp-Editor-firstpass.csproj", "{58A79E60-45DE-A0AB-947A-A5E1506D037C}"
EndProject
Project("{FAE04EC0-301F-11D3-BF4B-00C04F79EFBC}") = "Unity Code Challange", "Assembly-CSharp-Editor.csproj", "{482A0A0B-4020-467A-2CE1-B41B4BB3B30A}"
EndProject
Global
	GlobalSection(SolutionConfigurationPlatforms) = preSolution
		Debug|Any CPU = Debug|Any CPU
		Release|Any CPU = Release|Any CPU
	EndGlobalSection
	GlobalSection(ProjectConfigurationPlatforms) = postSolution
		{E7AA32F8-23AC-26E6-290F-FC747A24A6D5}.Debug|Any CPU.ActiveCfg = Debug|Any CPU
		{E7AA32F8-23AC-26E6-290F-FC747A24A6D5}.Debug|Any CPU.Build.0 = Debug|Any CPU
		{E7AA32F8-23AC-26E6-290F-FC747A24A6D5}.Release|Any CPU.ActiveCfg = Release|Any CPU
		{E7AA32F8-23AC-26E6-290F-FC747A24A6D5}.Release|Any CPU.Build.0 = Release|Any CPU
		{49626467-F16A-224D-90EC-15F3D2791941}.Debug|Any CPU.ActiveCfg = Debug|Any CPU
		{49626467-F16A-224D-90EC-15F3D2791941}.Debug|Any CPU.Build.0 = Debug|Any CPU
		{49626467-F16A-224D-90EC-15F3D2791941}.Release|Any CPU.ActiveCfg = Release|Any CPU
		{49626467-F16A-224D-90EC-15F3D2791941}.Release|Any CPU.Build.0 = Release|Any CPU
		{58A79E60-45DE-A0AB-947A-A5E1506D037C}.Debug|Any CPU.ActiveCfg = Debug|Any CPU
		{58A79E60-45DE-A0AB-947A-A5E1506D037C}.Debug|Any CPU.Build.0 = Debug|Any CPU
		{58A79E60-45DE-A0AB-947A-A5E1506D037C}.Release|Any CPU.ActiveCfg = Release|Any CPU
		{58A79E60-45DE-A0AB-947A-A5E1506D037C}.Release|Any CPU.Build.0 = Release|Any CPU
		{482A0A0B-4020-467A-2CE1-B41B4BB3B30A}.Debug|Any CPU.ActiveCfg = Debug|Any CPU
		{482A0A0B-4020-467A-2CE1-B41B4BB3B30A}.Debug|Any CPU.Build.0 = Debug|Any CPU
		{482A0A0B-4020-467A-2CE1-B41B4BB3B30A}.Release|Any CPU.ActiveCfg = Release|Any CPU
		{482A0A0B-4020-467A-2CE1-B41B4BB3B30A}.Release|Any CPU.Build.0 = Release|Any CPU
	EndGlobalSection
	GlobalSection(SolutionProperties) = preSolution
		HideSolutionNode = FALSE
	EndGlobalSection
	GlobalSection(MonoDevelopProperties) = preSolution
		StartupItem = Assembly-CSharp.csproj
	EndGlobalSection
EndGlobal
